<?xml version="1.0" encoding="utf-8"?>
<Project ToolsVersion="4.0" xmlns="http://schemas.microsoft.com/developer/msbuild/2003">
  <ItemGroup>
    <Filter Include="Source Files">
      <UniqueIdentifier>{4FC737F1-C7A5-4376-A066-2A32D752A2FF}</UniqueIdentifier>
      <Extensions>qml;cpp;c;cc;cxx;def;odl;idl;hpj;bat;asm;asmx</Extensions>
    </Filter>
    <Filter Include="Header Files">
      <UniqueIdentifier>{93995380-89BD-4b04-88EB-625FBE52EBFB}</UniqueIdentifier>
      <Extensions>h;hh;hpp;hxx;hm;inl;inc;xsd</Extensions>
    </Filter>
    <Filter Include="Resource Files">
      <UniqueIdentifier>{67DA6AB6-F800-4c08-8B7A-83BB121AAD01}</UniqueIdentifier>
      <Extensions>qrc;rc;ico;cur;bmp;dlg;rc2;rct;bin;rgs;gif;jpg;jpeg;jpe;resx;tiff;tif;png;wav;mfcribbon-ms</Extensions>
    </Filter>
    <Filter Include="Form Files">
      <UniqueIdentifier>{99349809-55BA-4b9d-BF79-8FDBB0286EB3}</UniqueIdentifier>
      <Extensions>ui</Extensions>
    </Filter>
    <Filter Include="Translation Files">
      <UniqueIdentifier>{639EADAA-A684-42e4-A9AD-28FC9BCB8F7C}</UniqueIdentifier>
      <Extensions>ts</Extensions>
    </Filter>
  </ItemGroup>
  <ItemGroup>
    <QtRcc Include="TankTrouble.qrc">
      <Filter>Resource Files</Filter>
    </QtRcc>
    <QtUic Include="TankTrouble.ui">
      <Filter>Form Files</Filter>
    </QtUic>
  </ItemGroup>
  <ItemGroup>
    <ClCompile Include="main.cpp">
      <Filter>Source Files</Filter>
    </ClCompile>
    <ClCompile Include="CreateWall.cpp">
      <Filter>Source Files</Filter>
    </ClCompile>
    <ClCompile Include="Object.cpp">
      <Filter>Source Files</Filter>
    </ClCompile>
    <ClCompile Include="Tank.cpp">
      <Filter>Source Files</Filter>
    </ClCompile>
    <ClCompile Include="ToolBox.cpp">
      <Filter>Source Files</Filter>
    </ClCompile>
    <ClCompile Include="Bullet.cpp">
      <Filter>Source Files</Filter>
    </ClCompile>
    <ClCompile Include="Wall.cpp">
      <Filter>Source Files</Filter>
    </ClCompile>
    <ClCompile Include="Modify.cpp">
      <Filter>Source Files</Filter>
    </ClCompile>
    <ClCompile Include="Prepare.cpp">
      <Filter>Source Files</Filter>
    </ClCompile>
    <ClCompile Include="TankTrouble.cpp">
      <Filter>Source Files</Filter>
    </ClCompile>
    <ClCompile Include="paintExplode.cpp">
      <Filter>Source Files</Filter>
    </ClCompile>
    <ClCompile Include="AllWindow.cpp">
      <Filter>Source Files</Filter>
    </ClCompile>
    <ClCompile Include="HintWindow1.cpp">
      <Filter>Source Files</Filter>
    </ClCompile>
    <ClCompile Include="HintWindow2.cpp">
      <Filter>Source Files</Filter>
    </ClCompile>
    <ClCompile Include="MenuWindow.cpp">
      <Filter>Source Files</Filter>
    </ClCompile>
    <ClCompile Include="EnterWindow.cpp">
      <Filter>Source Files</Filter>
    </ClCompile>
    <ClCompile Include="EndWindow.cpp">
      <Filter>Source Files</Filter>
    </ClCompile>
    <ClCompile Include="music.cpp">
      <Filter>Source Files</Filter>
    </ClCompile>
  </ItemGroup>
  <ItemGroup>
    <ClInclude Include="config.h">
      <Filter>Header Files</Filter>
    </ClInclude>
    <ClInclude Include="CreateWall.h">
      <Filter>Header Files</Filter>
    </ClInclude>
    <ClInclude Include="Object.h">
      <Filter>Header Files</Filter>
    </ClInclude>
    <ClInclude Include="Tank.h">
      <Filter>Header Files</Filter>
    </ClInclude>
    <ClInclude Include="Bullet.h">
      <Filter>Header Files</Filter>
    </ClInclude>
    <ClInclude Include="ToolBox.h">
      <Filter>Header Files</Filter>
    </ClInclude>
    <ClInclude Include="Modify.h">
      <Filter>Header Files</Filter>
    </ClInclude>
    <ClInclude Include="Prepare.h">
      <Filter>Header Files</Filter>
    </ClInclude>
    <ClInclude Include="painting.h">
      <Filter>Header Files</Filter>
    </ClInclude>
    <ClInclude Include="paintExplode.h">
      <Filter>Header Files</Filter>
    </ClInclude>
    <ClInclude Include="Wall.h">
      <Filter>Header Files</Filter>
    </ClInclude>
  </ItemGroup>
  <ItemGroup>
    <QtMoc Include="TankTrouble.h">
      <Filter>Header Files</Filter>
    </QtMoc>
    <QtMoc Include="HintWindow1.h">
      <Filter>Header Files</Filter>
    </QtMoc>
    <QtMoc Include="EnterWindow.h">
      <Filter>Header Files</Filter>
    </QtMoc>
    <QtMoc Include="MenuWindow.h">
      <Filter>Header Files</Filter>
    </QtMoc>
    <QtMoc Include="HintWindow2.h">
      <Filter>Header Files</Filter>
    </QtMoc>
    <QtMoc Include="AllWindow.h">
      <Filter>Header Files</Filter>
    </QtMoc>
    <QtMoc Include="EndWindow.h">
      <Filter>Header Files</Filter>
    </QtMoc>
    <QtMoc Include="music.h">
      <Filter>Header Files</Filter>
    </QtMoc>
  </ItemGroup>
</Project>